# Generated by buf. DO NOT EDIT.
version: v2
deps:
  - name: buf.build/googleapis/googleapis
    commit: 751cbe31638d43a9bfb6162cd2352e67
    digest: b5:51ba5c31f244fd74420f0e66d13f2b5dd6024dcfe1a29dc45bd8f6e61c1444c828b9add9e7dd25a4513ebbee8097a970e0712a2e2cd955c2d60cf8905204f51a
  - name: buf.build/mikros-dev/protoc-gen-mikros-extensions
    commit: 97ed53637887484b9afde1af2244f34e
    digest: b5:22014d24470ec8c975a6dae9d95bed458b379d671e949278bbf04408e35b87bc07484b8220e26da69246e4b4b78c6e3ea809a7dfb17e8ffa3af77c20d5d18b1a
